{
    "hash": "2c9626a7058ec47afd4d514cd3d27259",
    "packages": [
        {
            "package": "avalanche123/imagine-bundle",
            "version": "dev-master",
            "source-reference": "a1248483cdd532780928f0ac23f06596d198a3f0",
            "commit-date": "1344289113"
        },
        {
            "package": "doctrine/common",
            "version": "2.2.2"
        },
        {
            "package": "doctrine/data-fixtures",
            "version": "dev-master",
            "source-reference": "779c3dfe446b6da893be87b908d6be28345d1e01",
            "commit-date": "1341780535"
        },
        {
            "package": "doctrine/dbal",
            "version": "2.2.x-dev",
            "source-reference": "da4b7b4d965db0c1c1d23333e87ee5ae8994e249",
            "commit-date": "1344978731"
        },
        {
            "package": "doctrine/doctrine-bundle",
            "version": "dev-master",
            "alias-pretty-version": "1.0.x-dev",
            "alias-version": "1.0.9999999.9999999-dev"
        },
        {
            "package": "doctrine/doctrine-bundle",
            "version": "dev-master",
            "source-reference": "4d9bb0f3af470556983eb41a7d19ede23401ef0b",
            "commit-date": "1344549563"
        },
        {
            "package": "doctrine/doctrine-fixtures-bundle",
            "version": "dev-master",
            "source-reference": "186d605aa6b592bd577e07e0e9a2c420b02b2492",
            "commit-date": "1345465418"
        },
        {
            "package": "doctrine/doctrine-migrations-bundle",
            "version": "dev-master",
            "source-reference": "3792aa78445773387754c6853bbd7f4dcb31f486",
            "commit-date": "1341472972"
        },
        {
            "package": "doctrine/migrations",
            "version": "dev-master",
            "source-reference": "b86b4cc0a39714f0aa53b908d495beacfa0e4011",
            "commit-date": "1343202693"
        },
        {
            "package": "doctrine/orm",
            "version": "2.2.x-dev",
            "source-reference": "7d343302a8f886be9cfb2a9c8345a95740dcfde9",
            "commit-date": "1343560954"
        },
        {
            "package": "gedmo/doctrine-extensions",
            "version": "dev-master",
            "source-reference": "b0421677c69a6cdb649faedd659fdca39fcad028",
            "commit-date": "1346056964"
        },
        {
            "package": "hwi/oauth-bundle",
            "version": "dev-master",
            "source-reference": "6538e2e3aa839c4f692bb14a419db7bfd33fdfdd",
            "commit-date": "1346099853"
        },
        {
            "package": "igorw/file-serve-bundle",
            "version": "dev-master",
            "source-reference": "bc60b0f3ef039a059d207b6be454af9255c4805e",
            "commit-date": "1336766812"
        },
        {
            "package": "imagine/Imagine",
            "version": "dev-master",
            "source-reference": "v0.3.0",
            "commit-date": "1343522118"
        },
        {
            "package": "knplabs/github-api",
            "version": "dev-master",
            "source-reference": "069c34e5214bcccd12918b1ce519a2f6f7fcb34e",
            "commit-date": "1347002459"
        },
        {
            "package": "knplabs/knp-components",
            "version": "v1.0"
        },
        {
            "package": "knplabs/knp-disqus-bundle",
            "version": "dev-master",
            "source-reference": "9ea12d6f09967843616ad465fe7c31884c66443a",
            "commit-date": "1341333910"
        },
        {
            "package": "knplabs/knp-markdown-bundle",
            "version": "dev-master",
            "source-reference": "d0fac3f6d2ac502386ee73def9cf900029e1d353",
            "commit-date": "1339679093"
        },
        {
            "package": "knplabs/knp-menu",
            "version": "1.1.x-dev",
            "source-reference": "v1.1.2",
            "commit-date": "1339345240"
        },
        {
            "package": "knplabs/knp-menu-bundle",
            "version": "v1.1.0"
        },
        {
            "package": "knplabs/knp-paginator-bundle",
            "version": "v2.1"
        },
        {
            "package": "knplabs/knp-time-bundle",
            "version": "dev-master",
            "source-reference": "f71d440383acc4254d112182ef382a02da772a09",
            "commit-date": "1343681304"
        },
        {
            "package": "knplabs/knp-zend-cache-bundle",
            "version": "dev-master",
            "source-reference": "0.1",
            "commit-date": "1339757194"
        },
        {
            "package": "kriswallsmith/assetic",
            "version": "dev-master",
            "alias-pretty-version": "1.1.x-dev",
            "alias-version": "1.1.9999999.9999999-dev"
        },
        {
            "package": "kriswallsmith/assetic",
            "version": "dev-master",
            "source-reference": "v1.1.0-alpha1",
            "commit-date": "1346157224"
        },
        {
            "package": "kriswallsmith/buzz",
            "version": "v0.7"
        },
        {
            "package": "monolog/monolog",
            "version": "1.2.0"
        },
        {
            "package": "nelmio/solarium-bundle",
            "version": "dev-master",
            "source-reference": "61b8a7f2b99edd13d90e377335f571607721a7f2",
            "commit-date": "1345050695"
        },
        {
            "package": "oldsound/rabbitmq-bundle",
            "version": "dev-master",
            "source-reference": "ef478f19bd02cc938b304093161d9ecb70b7a416",
            "commit-date": "1339399756"
        },
        {
            "package": "ornicar/php-git-repo",
            "version": "master-dev",
            "source-reference": "master",
            "commit-date": "1331139981"
        },
        {
            "package": "sensio/distribution-bundle",
            "version": "dev-master",
            "source-reference": "v2.1.0-RC2",
            "commit-date": "1345982505"
        },
        {
            "package": "solarium/solarium",
            "version": "dev-master",
            "source-reference": "5c7afe1c4e104feb3761618dd54cf813beb4de5a",
            "commit-date": "1343376249"
        },
        {
            "package": "stof/doctrine-extensions-bundle",
            "version": "dev-master",
            "source-reference": "63c2aa344bd45ca8cf16d778bb8d382bf18b09e3",
            "commit-date": "1345420848"
        },
        {
            "package": "symfony/assetic-bundle",
            "version": "dev-master",
            "alias-pretty-version": "2.1.x-dev",
            "alias-version": "2.1.9999999.9999999-dev"
        },
        {
            "package": "symfony/assetic-bundle",
            "version": "dev-master",
            "source-reference": "3196ef27926e9f6668b5ce4481c8f578550c2d71",
            "commit-date": "1346160609"
        },
        {
            "package": "symfony/monolog-bundle",
            "version": "dev-master",
            "alias-pretty-version": "2.1.x-dev",
            "alias-version": "2.1.9999999.9999999-dev"
        },
        {
            "package": "symfony/monolog-bundle",
            "version": "dev-master",
            "source-reference": "v2.1.0-RC2",
            "commit-date": "1345557954"
        },
        {
            "package": "symfony/symfony",
            "version": "dev-master",
            "alias-pretty-version": "2.1.x-dev",
            "alias-version": "2.1.9999999.9999999-dev"
        },
        {
            "package": "symfony/symfony",
            "version": "dev-master",
            "source-reference": "9f4525a614dd3e79b28ac7cb3549e07e30fba6fd",
            "commit-date": "1346162419"
        },
        {
            "package": "twig/extensions",
            "version": "dev-master",
            "alias-pretty-version": "1.0.x-dev",
            "alias-version": "1.0.9999999.9999999-dev"
        },
        {
            "package": "twig/extensions",
            "version": "dev-master",
            "source-reference": "v1.0.0-alpha",
            "commit-date": "1346166263"
        },
        {
            "package": "twig/twig",
            "version": "dev-master",
            "alias-pretty-version": "1.9.x-dev",
            "alias-version": "1.9.9999999.9999999-dev"
        },
        {
            "package": "twig/twig",
            "version": "dev-master",
            "source-reference": "92d8b25fee71e1d2f19f5d0c31838d6144a4bbcd",
            "commit-date": "1346166350"
        },
        {
            "package": "videlalvaro/php-amqplib",
            "version": "dev-master",
            "source-reference": "258573c6d264ccb06a3a4191bb529320579d21c6",
            "commit-date": "1345726400"
        },
        {
            "package": "zendframework/zend-cache",
            "version": "2.0.0-beta1"
        },
        {
            "package": "zendframework/zend-filter",
            "version": "2.0.0-beta1"
        }
    ],
    "packages-dev": [
        {
            "package": "behat/behat",
            "version": "v2.4.3"
        },
        {
            "package": "behat/common-contexts",
            "version": "dev-master",
            "source-reference": "fdd34724890828bd8442a443fd59f8af81daed17",
            "commit-date": "1339965382"
        },
        {
            "package": "behat/gherkin",
            "version": "v2.2.4"
        },
        {
            "package": "behat/mink",
            "version": "v1.4.0"
        },
        {
            "package": "behat/mink-browserkit-driver",
            "version": "dev-master",
            "source-reference": "97fa7d67ab5afb13d74515c15ef5c0cab12c0bc0",
            "commit-date": "1341477260"
        },
        {
            "package": "behat/mink-extension",
            "version": "dev-master",
            "source-reference": "cf32eff0ce286770db5c08700cd92eeb2c777050",
            "commit-date": "1346147725"
        },
        {
            "package": "behat/symfony2-extension",
            "version": "dev-master",
            "source-reference": "3955aea7932b69aa35893c594ae76da9ce7e1e42",
            "commit-date": "1343142072"
        }
    ],
    "aliases": [

    ],
    "minimum-stability": "dev",
    "stability-flags": {
        "doctrine/doctrine-bundle": 20,
        "twig/extensions": 20,
        "sensio/distribution-bundle": 20,
        "doctrine/doctrine-fixtures-bundle": 20,
        "doctrine/doctrine-migrations-bundle": 20,
        "stof/doctrine-extensions-bundle": 20,
        "knplabs/knp-markdown-bundle": 20,
        "knplabs/knp-disqus-bundle": 20,
        "knplabs/knp-time-bundle": 20,
        "knplabs/knp-zend-cache-bundle": 20,
        "knplabs/github-api": 20,
        "avalanche123/imagine-bundle": 20,
        "nelmio/solarium-bundle": 20,
        "igorw/file-serve-bundle": 20,
        "videlalvaro/php-amqplib": 20,
        "oldsound/rabbitmq-bundle": 20,
        "ornicar/php-git-repo": 20,
        "hwi/oauth-bundle": 20,
        "zendframework/zend-cache": 10,
        "zendframework/zend-filter": 10,
        "behat/symfony2-extension": 20,
        "behat/mink-extension": 20,
        "behat/mink-browserkit-driver": 20,
        "behat/common-contexts": 20
    }
}
