{
    "hash": "2e2826a8032e5e2a647db4d0e39835cf",
    "packages": [
        {
            "package": "avalanche123/imagine-bundle",
            "version": "dev-master",
            "source-reference": "a1248483cdd532780928f0ac23f06596d198a3f0",
            "commit-date": "1344289113"
        },
        {
            "package": "doctrine/common",
            "version": "2.2.3"
        },
        {
            "package": "doctrine/data-fixtures",
            "version": "dev-master",
            "source-reference": "779c3dfe446b6da893be87b908d6be28345d1e01",
            "commit-date": "1341780535"
        },
        {
            "package": "doctrine/dbal",
            "version": "2.2.x-dev",
            "source-reference": "da4b7b4d965db0c1c1d23333e87ee5ae8994e249",
            "commit-date": "1344978731"
        },
        {
            "package": "doctrine/doctrine-bundle",
            "version": "dev-master",
            "alias-pretty-version": "1.0.x-dev",
            "alias-version": "1.0.9999999.9999999-dev"
        },
        {
            "package": "doctrine/doctrine-bundle",
            "version": "dev-master",
            "source-reference": "v1.0.0",
            "commit-date": "1347052701"
        },
        {
            "package": "doctrine/doctrine-fixtures-bundle",
            "version": "dev-master",
            "source-reference": "186d605aa6b592bd577e07e0e9a2c420b02b2492",
            "commit-date": "1345465418"
        },
        {
            "package": "doctrine/doctrine-migrations-bundle",
            "version": "dev-master",
            "source-reference": "3792aa78445773387754c6853bbd7f4dcb31f486",
            "commit-date": "1341472972"
        },
        {
            "package": "doctrine/migrations",
            "version": "dev-master",
            "source-reference": "17f4b56bf0af0274cabdf3ae9b644059246d66b7",
            "commit-date": "1347005884"
        },
        {
            "package": "doctrine/orm",
            "version": "2.2.x-dev",
            "source-reference": "11faa7e49d77e559e4e376d3b927d2e742fbcf8b",
            "commit-date": "1346246267"
        },
        {
            "package": "gedmo/doctrine-extensions",
            "version": "dev-master",
            "source-reference": "4e8a3a920eedaba4e76c26a92347e9b47bb7ffdf",
            "commit-date": "1346486653"
        },
        {
            "package": "hwi/oauth-bundle",
            "version": "dev-master",
            "source-reference": "8397d4b0dd878bbac4abd60ab22480ce9ca7bb28",
            "commit-date": "1346424865"
        },
        {
            "package": "igorw/file-serve-bundle",
            "version": "dev-master",
            "source-reference": "bc60b0f3ef039a059d207b6be454af9255c4805e",
            "commit-date": "1336766812"
        },
        {
            "package": "imagine/Imagine",
            "version": "dev-master",
            "source-reference": "v0.3.0",
            "commit-date": "1343522118"
        },
        {
            "package": "knplabs/github-api",
            "version": "dev-master",
            "source-reference": "069c34e5214bcccd12918b1ce519a2f6f7fcb34e",
            "commit-date": "1347027659"
        },
        {
            "package": "knplabs/knp-disqus-bundle",
            "version": "dev-master",
            "source-reference": "9ea12d6f09967843616ad465fe7c31884c66443a",
            "commit-date": "1341333910"
        },
        {
            "package": "knplabs/knp-markdown-bundle",
            "version": "dev-master",
            "source-reference": "d0fac3f6d2ac502386ee73def9cf900029e1d353",
            "commit-date": "1339679093"
        },
        {
            "package": "knplabs/knp-menu",
            "version": "1.1.x-dev",
            "source-reference": "v1.1.2",
            "commit-date": "1339345240"
        },
        {
            "package": "knplabs/knp-menu-bundle",
            "version": "v1.1.0"
        },
        {
            "package": "knplabs/knp-time-bundle",
            "version": "dev-master",
            "source-reference": "f71d440383acc4254d112182ef382a02da772a09",
            "commit-date": "1343681304"
        },
        {
            "package": "knplabs/knp-zend-cache-bundle",
            "version": "dev-master",
            "source-reference": "0.1",
            "commit-date": "1339757194"
        },
        {
            "package": "kriswallsmith/assetic",
            "version": "dev-master",
            "alias-pretty-version": "1.1.x-dev",
            "alias-version": "1.1.9999999.9999999-dev"
        },
        {
            "package": "kriswallsmith/assetic",
            "version": "dev-master",
            "source-reference": "dfbb776288baf9319d1693195af2cb6e00729901",
            "commit-date": "1347039484"
        },
        {
            "package": "kriswallsmith/buzz",
            "version": "v0.7"
        },
        {
            "package": "monolog/monolog",
            "version": "dev-master",
            "alias-pretty-version": "1.3.x-dev",
            "alias-version": "1.3.9999999.9999999-dev"
        },
        {
            "package": "monolog/monolog",
            "version": "dev-master",
            "source-reference": "a929570bb7688b39fefe4106f0ecf0ac35f37647",
            "commit-date": "1346873566"
        },
        {
            "package": "nelmio/solarium-bundle",
            "version": "dev-master",
            "source-reference": "61b8a7f2b99edd13d90e377335f571607721a7f2",
            "commit-date": "1345050695"
        },
        {
            "package": "oldsound/rabbitmq-bundle",
            "version": "dev-master",
            "source-reference": "ef478f19bd02cc938b304093161d9ecb70b7a416",
            "commit-date": "1339399756"
        },
        {
            "package": "ornicar/php-git-repo",
            "version": "master-dev",
            "source-reference": "master",
            "commit-date": "1331139981"
        },
        {
            "package": "pagerfanta/pagerfanta",
            "version": "dev-master",
            "source-reference": "12f71d99457b018fb80746f84514dd5b495c5789",
            "commit-date": "1345672591"
        },
        {
            "package": "sensio/distribution-bundle",
            "version": "dev-master",
            "source-reference": "98921298951598e8707258cba2b6180b96faa91c",
            "commit-date": "1347023757"
        },
        {
            "package": "solarium/solarium",
            "version": "dev-master",
            "source-reference": "5c7afe1c4e104feb3761618dd54cf813beb4de5a",
            "commit-date": "1343376249"
        },
        {
            "package": "stof/doctrine-extensions-bundle",
            "version": "dev-master",
            "source-reference": "0247e6f1658d76292c8ffe2c5106090bd36bd799",
            "commit-date": "1346283670"
        },
        {
            "package": "swiftmailer/swiftmailer",
            "version": "dev-master",
            "alias-pretty-version": "4.2.x-dev",
            "alias-version": "4.2.9999999.9999999-dev"
        },
        {
            "package": "swiftmailer/swiftmailer",
            "version": "dev-master",
            "source-reference": "e12e4ef3a9d6dd60fb734a01984a6e6627aea764",
            "commit-date": "1345630910"
        },
        {
            "package": "symfony/assetic-bundle",
            "version": "dev-master",
            "alias-pretty-version": "2.1.x-dev",
            "alias-version": "2.1.9999999.9999999-dev"
        },
        {
            "package": "symfony/assetic-bundle",
            "version": "dev-master",
            "source-reference": "4e7e8a039fa19434f04558473adbb201118af942",
            "commit-date": "1346199949"
        },
        {
            "package": "symfony/monolog-bundle",
            "version": "dev-master",
            "alias-pretty-version": "2.1.x-dev",
            "alias-version": "2.1.9999999.9999999-dev"
        },
        {
            "package": "symfony/monolog-bundle",
            "version": "dev-master",
            "source-reference": "v2.1.0-RC2",
            "commit-date": "1345557954"
        },
        {
            "package": "symfony/swiftmailer-bundle",
            "version": "dev-master",
            "alias-pretty-version": "2.1.x-dev",
            "alias-version": "2.1.9999999.9999999-dev"
        },
        {
            "package": "symfony/swiftmailer-bundle",
            "version": "dev-master",
            "source-reference": "d2eae9385c029cbac031a90e6d2abc74b889a562",
            "commit-date": "1346243146"
        },
        {
            "package": "symfony/symfony",
            "version": "2.1.x-dev",
            "source-reference": "e7059b44c78ca8e1e892adb4d93b5a482f4eb9b3",
            "commit-date": "1346926323"
        },
        {
            "package": "twig/extensions",
            "version": "dev-master",
            "source-reference": "f904575642b1213db69b4a98f08397e722ba1cae",
            "commit-date": "1346770278"
        },
        {
            "package": "twig/twig",
            "version": "dev-master",
            "alias-pretty-version": "1.9.x-dev",
            "alias-version": "1.9.9999999.9999999-dev"
        },
        {
            "package": "twig/twig",
            "version": "dev-master",
            "source-reference": "68b8c4619c5bbe82bd345fe56070dec8c356610a",
            "commit-date": "1347025342"
        },
        {
            "package": "videlalvaro/php-amqplib",
            "version": "dev-master",
            "source-reference": "258573c6d264ccb06a3a4191bb529320579d21c6",
            "commit-date": "1345726400"
        },
        {
            "package": "white-october/pagerfanta-bundle",
            "version": "dev-master",
            "source-reference": "38e317a3ecd5a68e2322024ea8fe57632d4ddd68",
            "commit-date": "1343134121"
        },
        {
            "package": "zendframework/zend-cache",
            "version": "2.0.0-beta1"
        },
        {
            "package": "zendframework/zend-filter",
            "version": "2.0.0-beta1"
        }
    ],
    "packages-dev": [
        {
            "package": "behat/behat",
            "version": "v2.4.4"
        },
        {
            "package": "behat/common-contexts",
            "version": "dev-master",
            "source-reference": "fdd34724890828bd8442a443fd59f8af81daed17",
            "commit-date": "1339965382"
        },
        {
            "package": "behat/gherkin",
            "version": "v2.2.4"
        },
        {
            "package": "behat/mink",
            "version": "v1.4.0"
        },
        {
            "package": "behat/mink-browserkit-driver",
            "version": "dev-master",
            "source-reference": "97fa7d67ab5afb13d74515c15ef5c0cab12c0bc0",
            "commit-date": "1341477260"
        },
        {
            "package": "behat/mink-extension",
            "version": "dev-master",
            "source-reference": "0b8a4d7d10dd83211accaa1299d57f521d912c1c",
            "commit-date": "1346250202"
        },
        {
            "package": "behat/symfony2-extension",
            "version": "dev-master",
            "source-reference": "3955aea7932b69aa35893c594ae76da9ce7e1e42",
            "commit-date": "1343142072"
        }
    ],
    "aliases": [

    ],
    "minimum-stability": "dev",
    "stability-flags": {
        "doctrine/doctrine-bundle": 20,
        "twig/extensions": 20,
        "sensio/distribution-bundle": 20,
        "doctrine/doctrine-fixtures-bundle": 20,
        "doctrine/doctrine-migrations-bundle": 20,
        "stof/doctrine-extensions-bundle": 20,
        "knplabs/knp-markdown-bundle": 20,
        "knplabs/knp-disqus-bundle": 20,
        "knplabs/knp-time-bundle": 20,
        "knplabs/knp-zend-cache-bundle": 20,
        "knplabs/github-api": 20,
        "avalanche123/imagine-bundle": 20,
        "nelmio/solarium-bundle": 20,
        "igorw/file-serve-bundle": 20,
        "white-october/pagerfanta-bundle": 20,
        "videlalvaro/php-amqplib": 20,
        "oldsound/rabbitmq-bundle": 20,
        "ornicar/php-git-repo": 20,
        "hwi/oauth-bundle": 20,
        "zendframework/zend-cache": 10,
        "zendframework/zend-filter": 10,
        "behat/symfony2-extension": 20,
        "behat/mink-extension": 20,
        "behat/mink-browserkit-driver": 20,
        "behat/common-contexts": 20
    }
}
