{
    "hash": "d0d0f9b7c666134cb771e5af3df219c1",
    "packages": [
        {
            "package": "avalanche123/imagine-bundle",
            "version": "dev-master",
            "source-reference": "4faa253231cb42a231311eaa314e88479517be1a",
            "commit-date": "1340300780"
        },
        {
            "package": "doctrine/common",
            "version": "2.2.2"
        },
        {
            "package": "doctrine/data-fixtures",
            "version": "dev-master",
            "source-reference": "64538135ef2b17a296e26f88a04c7ce2e4551459",
            "commit-date": "1340776266"
        },
        {
            "package": "doctrine/dbal",
            "version": "2.2.2"
        },
        {
            "package": "doctrine/doctrine-bundle",
            "version": "dev-master",
            "alias-pretty-version": "1.0.x-dev",
            "alias-version": "1.0.9999999.9999999-dev"
        },
        {
            "package": "doctrine/doctrine-bundle",
            "version": "dev-master",
            "source-reference": "c9ea46d1f0c48bb88bb87b44214fe44e03c0c692",
            "commit-date": "1341405737"
        },
        {
            "package": "doctrine/doctrine-fixtures-bundle",
            "version": "dev-master",
            "source-reference": "a5103a71bcd9b2f851ca6c16519a077784a3184a",
            "commit-date": "1341472847"
        },
        {
            "package": "doctrine/doctrine-migrations-bundle",
            "version": "dev-master",
            "source-reference": "3792aa78445773387754c6853bbd7f4dcb31f486",
            "commit-date": "1341472972"
        },
        {
            "package": "doctrine/migrations",
            "version": "dev-master",
            "source-reference": "fe98141b1e460baf5ab52f9139e1ae238101b28b",
            "commit-date": "1336330359"
        },
        {
            "package": "doctrine/orm",
            "version": "2.2.2"
        },
        {
            "package": "fabpot/goutte",
            "version": "dev-master",
            "alias-pretty-version": "1.0.x-dev",
            "alias-version": "1.0.9999999.9999999-dev"
        },
        {
            "package": "fabpot/goutte",
            "version": "dev-master",
            "source-reference": "c2ea8d9a6682d14482e57ede2371001b8a5238d2",
            "commit-date": "1340264258"
        },
        {
            "package": "gedmo/doctrine-extensions",
            "version": "v2.3.1"
        },
        {
            "package": "guzzle/guzzle",
            "version": "v2.6.6"
        },
        {
            "package": "igorw/file-serve-bundle",
            "version": "dev-master",
            "source-reference": "bc60b0f3ef039a059d207b6be454af9255c4805e",
            "commit-date": "1336766812"
        },
        {
            "package": "imagine/Imagine",
            "version": "dev-master",
            "source-reference": "v0.2.8",
            "commit-date": "1322638721"
        },
        {
            "package": "knplabs/github-api",
            "version": "dev-master",
            "source-reference": "e692ef67eac9241dc25bde924dfeb02128433fe5",
            "commit-date": "1341486383"
        },
        {
            "package": "knplabs/knp-components",
            "version": "v1.0"
        },
        {
            "package": "knplabs/knp-disqus-bundle",
            "version": "dev-master",
            "source-reference": "9ea12d6f09967843616ad465fe7c31884c66443a",
            "commit-date": "1341333910"
        },
        {
            "package": "knplabs/knp-markdown-bundle",
            "version": "dev-master",
            "source-reference": "d0fac3f6d2ac502386ee73def9cf900029e1d353",
            "commit-date": "1339679093"
        },
        {
            "package": "knplabs/knp-menu",
            "version": "v1.1.2"
        },
        {
            "package": "knplabs/knp-menu-bundle",
            "version": "v1.1.0"
        },
        {
            "package": "knplabs/knp-paginator-bundle",
            "version": "v2.1"
        },
        {
            "package": "knplabs/knp-time-bundle",
            "version": "dev-master",
            "source-reference": "f05a3f4da5369c2fb87610dca27fd3cb2f27a80a",
            "commit-date": "1339679078"
        },
        {
            "package": "knplabs/knp-zend-cache-bundle",
            "version": "dev-master",
            "source-reference": "0.1",
            "commit-date": "1339757194"
        },
        {
            "package": "kriswallsmith/assetic",
            "version": "dev-master",
            "alias-pretty-version": "1.1.x-dev",
            "alias-version": "1.1.9999999.9999999-dev"
        },
        {
            "package": "kriswallsmith/assetic",
            "version": "dev-master",
            "source-reference": "d6f89a3170c5280ad554347dc113eb25fdf00ad7",
            "commit-date": "1339515714"
        },
        {
            "package": "kriswallsmith/buzz",
            "version": "v0.7"
        },
        {
            "package": "mbontemps/oauth-bundle",
            "version": "master-dev",
            "source-reference": "master",
            "commit-date": "1322853540"
        },
        {
            "package": "monolog/monolog",
            "version": "1.1.0"
        },
        {
            "package": "nelmio/solarium-bundle",
            "version": "dev-master",
            "source-reference": "d0d80a702eae4699bb6010ec3a6bc29eec0b8e55",
            "commit-date": "1338319498"
        },
        {
            "package": "oldsound/rabbitmq-bundle",
            "version": "dev-master",
            "source-reference": "ef478f19bd02cc938b304093161d9ecb70b7a416",
            "commit-date": "1339399756"
        },
        {
            "package": "ornicar/gravatar-bundle",
            "version": "dev-master",
            "source-reference": "e5aedca3bd066081e16912ca8be96ba4ca570d0a",
            "commit-date": "1324735810"
        },
        {
            "package": "ornicar/php-git-repo",
            "version": "master-dev",
            "source-reference": "master",
            "commit-date": "1331139981"
        },
        {
            "package": "sensio/distribution-bundle",
            "version": "dev-master",
            "source-reference": "a3f939728f421b897472163b7e041d65d48c3b01",
            "commit-date": "1341409780"
        },
        {
            "package": "solarium/solarium",
            "version": "2.4.0"
        },
        {
            "package": "stof/doctrine-extensions-bundle",
            "version": "dev-master",
            "source-reference": "f141a698d65271a18d86469c1f7b29d7e24170dd",
            "commit-date": "1334871333"
        },
        {
            "package": "symfony/assetic-bundle",
            "version": "dev-master",
            "alias-pretty-version": "2.1.x-dev",
            "alias-version": "2.1.9999999.9999999-dev"
        },
        {
            "package": "symfony/assetic-bundle",
            "version": "dev-master",
            "source-reference": "8fe7b898b08103c1d6fce64c3e279a7afd61adfc",
            "commit-date": "1340234971"
        },
        {
            "package": "symfony/monolog-bundle",
            "version": "dev-master",
            "alias-pretty-version": "2.1.x-dev",
            "alias-version": "2.1.9999999.9999999-dev"
        },
        {
            "package": "symfony/monolog-bundle",
            "version": "dev-master",
            "source-reference": "7fe7f711bb04b86ad7f45a9e11a7f8cbaf9bc1a5",
            "commit-date": "1341078487"
        },
        {
            "package": "symfony/symfony",
            "version": "dev-master",
            "alias-pretty-version": "2.1.x-dev",
            "alias-version": "2.1.9999999.9999999-dev"
        },
        {
            "package": "symfony/symfony",
            "version": "dev-master",
            "source-reference": "6b5be0b9717c781953850cd190ee4e718a5c4a5a",
            "commit-date": "1341492187"
        },
        {
            "package": "twig/extensions",
            "version": "dev-master",
            "source-reference": "feb6d3f10c411e2631997c0a905aa581c80305c1",
            "commit-date": "1337599699"
        },
        {
            "package": "twig/twig",
            "version": "v1.8.3"
        },
        {
            "package": "twitter/app-bundle",
            "version": "master-dev",
            "source-reference": "master",
            "commit-date": "1341173158"
        },
        {
            "package": "twitter/oauth",
            "version": "master-dev",
            "source-reference": "master",
            "commit-date": "1337376750"
        },
        {
            "package": "videlalvaro/php-amqplib",
            "version": "dev-master",
            "source-reference": "a46cd4d3a3cb72e0de636a8c64704a62c0716e51",
            "commit-date": "1340271683"
        },
        {
            "package": "zendframework/zend-cache",
            "version": "2.0.0-beta1"
        },
        {
            "package": "zendframework/zend-filter",
            "version": "2.0.0-beta1"
        }
    ],
    "packages-dev": [
        {
            "package": "behat/behat",
            "version": "v2.4.2"
        },
        {
            "package": "behat/common-contexts",
            "version": "dev-master",
            "source-reference": "fdd34724890828bd8442a443fd59f8af81daed17",
            "commit-date": "1339965382"
        },
        {
            "package": "behat/gherkin",
            "version": "v2.2.2"
        },
        {
            "package": "behat/mink",
            "version": "v1.4.0"
        },
        {
            "package": "behat/mink-browserkit-driver",
            "version": "dev-master",
            "source-reference": "97fa7d67ab5afb13d74515c15ef5c0cab12c0bc0",
            "commit-date": "1341477260"
        },
        {
            "package": "behat/mink-extension",
            "version": "dev-master",
            "source-reference": "2fc55fdd358b121b5439acc76be6fa654ebe2e28",
            "commit-date": "1341477571"
        },
        {
            "package": "behat/symfony2-extension",
            "version": "dev-master",
            "source-reference": "v1.0.0",
            "commit-date": "1341475375"
        }
    ],
    "aliases": [

    ],
    "minimum-stability": "stable",
    "stability-flags": {
        "symfony/symfony": 20,
        "doctrine/doctrine-bundle": 20,
        "twig/extensions": 20,
        "kriswallsmith/assetic": 20,
        "symfony/assetic-bundle": 20,
        "symfony/monolog-bundle": 20,
        "sensio/distribution-bundle": 20,
        "doctrine/data-fixtures": 20,
        "doctrine/doctrine-fixtures-bundle": 20,
        "doctrine/migrations": 20,
        "doctrine/doctrine-migrations-bundle": 20,
        "stof/doctrine-extensions-bundle": 20,
        "knplabs/knp-markdown-bundle": 20,
        "knplabs/knp-disqus-bundle": 20,
        "knplabs/knp-time-bundle": 20,
        "zendframework/zend-cache": 10,
        "zendframework/zend-filter": 10,
        "knplabs/knp-zend-cache-bundle": 20,
        "knplabs/github-api": 20,
        "imagine/imagine": 20,
        "avalanche123/imagine-bundle": 20,
        "nelmio/solarium-bundle": 20,
        "igorw/file-serve-bundle": 20,
        "videlalvaro/php-amqplib": 20,
        "oldsound/rabbitmq-bundle": 20,
        "fabpot/goutte": 20,
        "ornicar/gravatar-bundle": 20,
        "ornicar/php-git-repo": 20,
        "twitter/app-bundle": 20,
        "twitter/oauth": 20,
        "mbontemps/oauth-bundle": 20,
        "behat/symfony2-extension": 20,
        "behat/mink-extension": 20,
        "behat/mink-browserkit-driver": 20,
        "behat/common-contexts": 20
    }
}
