symfony cddb706810c801d2cb719f903f5f59c33de3843c
twig 1b32617b977ff7d5f15393e7627b223122238674
twig-extensions d5851b96f06442e74590e5540a4209e9e3946243
monolog b704c49a3051536f67f2d39f13568f74615b9922
doctrine-common 3052115f241020b67326cf1368540d33baa991f3
doctrine-dbal e692ab6652a3cdfd105d8040f7bff1983e1cef19
doctrine 8eaf160eaddcd6099565bae8764612f3e2f6fd1f
doctrine-data-fixtures 3ef3f667cc7a4552beee2fc4abefd4da1a43557c
doctrine-migrations f2eea694bcffc297b70970430f807ae6fbca0857
DoctrineFixturesBundle a66be2f077f3a4e5c3801b356b42b8782f1abbd6
DoctrineMigrationsBundle dd9a336c574301b0b6a7e82a0865cab3d4d95503
assetic f829ad23d23c87480151a21faad49fefe7c09e5d
JMSI18nBundle ad91318b3439e1a9e1a28735a63e07957754060b
SensioDistributionBundle 2e0060d701949d2ad4b32c6c3c6c50c0d8f75fba
SensioGeneratorBundle c6af9719ae9e81fa4e086f40697d35e7090921cc
AsseticBundle 41b5913b5086a0909af92adcb4a6005ee0051b16
ZendFramework cbd9acb5f25206df404968d084ebe628035ee2e2
KnpMarkdownBundle 9a45c697d018c89a582a74440b29a797e531569b
KnpTimeBundle 9404632d736e03ff2699fee40ae2c24df6e7f272
KnpMenu 70764d2d3d47ebcdd7d8ec274d7089fdd7e1342d
KnpMenuBundle a5fbd817e2e5e2d698b848ec430e14284cc94488
KnpPaginatorBundle e9f45ddb23ca62ec6a0322a177ce3dea44066a27
goutte 95c0f08b22ab19271398a39cf578807b77964dc6
php-git-repo 402540a2c9b074e071d867d62eb165ea08559316
php-github-api 50aca2aacb596bb546691772e1b3dfb638d5ece8
OrnicarGravatarBundle 1bcfb07b866d2160a2af41b74ce512123f144bc9
knp-components c880059b93f65b7e219f90bdebcfbd401366e176