symfony 2a74ac31d24be52a096746315eda046392b81023
twig d95db40838d9d78751f670a5f0050f66efe0fa50
twig-extensions a05ab5ed18a51ae45f3dcc2d0c4ec9b3a6386987
monolog b704c49a3051536f67f2d39f13568f74615b9922
doctrine-common 38c854c37d20b1f67c979772089b2cd30908bcb6
doctrine-dbal 60346341046def1a6706870f6271dd65fc835272
doctrine 52ee848bcb1fa0c2c49c355d35518550e29ca889
doctrine-data-fixtures 8cf2507e458b8116e8f22f391d05935a585a8700
doctrine-migrations 9e81984b0f126b0830d9ac6acc2d1da81aba2b94
DoctrineBundle d6c923eec875d3bd622c7037b3ff879f4fdafdc8
DoctrineFixturesBundle 0219a60dd1c1e5b972f8a6836d5694eefd0f27c4
DoctrineMigrationsBundle 7a63bb570bc3304f8caa8b7421b010617db846c1
assetic f829ad23d23c87480151a21faad49fefe7c09e5d
JMSI18nBundle ad91318b3439e1a9e1a28735a63e07957754060b
SensioDistributionBundle f00c99854ff161b006a200d8dffa0013981d5373
SensioGeneratorBundle 67bf607b41f930f93f2032d069be535ecaa21730
AsseticBundle 41b5913b5086a0909af92adcb4a6005ee0051b16
KnpMarkdownBundle e545f0ee71910996d87670806693086ee65081b9
KnpTimeBundle f213436bd144a718a047b8c2be6f017b1d71bfb2
KnpMenu 138b735bab508eb3d7266ff64041bb715595b662
KnpMenuBundle 5de114491070a2ccc58ae8c8ac4bef61522e0667
KnpPaginatorBundle 2684876e048e11bf9cc4d0313b44c6d816d2b364
goutte 9909e2e5c7435318f00f73a80807136827bc1343
php-git-repo 4a066703de97b1649b4cf92b27a7c3e3d8987cac
php-github-api 50aca2aacb596bb546691772e1b3dfb638d5ece8
OrnicarGravatarBundle e5aedca3bd066081e16912ca8be96ba4ca570d0a
knp-components a7a9eec8a1e2559bd74855c5437cbed784282d19
zf 75688665603131a526ac1bb0cf6b31061452941c
EtcpasswdOAuthBundle d2ef2f8f9c66e4b5cf21a8bed58f44c982a0442b
Buzz 424187ec75eccf015296349be43980a95630ac9a
TwitterAppBundle 9d0437f5114d83d41fbd2d06897223dffd075190
twitteroauth 67b0a5a57783a4ef70bb79eee4e650c70b4ba970
gherkin 11d901c2dc4a343530b1924f6023143dace01972
behat 9b877f37dbd6dbf1bf008f5e58f430b0881c417d
BehatBundle 4062918f3db5641ea70cd5bd4d78be4646b2b7b1
mink 0371368e112e780e2d4054662eac73b80ad802b0
MinkBundle 788e4a170ab037bf810a26d2b25bfdb7b496df66
CommonContexts 09e69c5510bf52d077f798dda392016f3d722f9d
KnpDisqusBundle daa26e2a3e42387ba5cf553ec1f2194a667369e7
KnpZendCacheBundle 5a124bfe26938538442c34d10ab181372e9625a9