symfony 5676a91b8dff8b029b15dd9b82a955005d5ddd4c
twig 4478816e41d30de147e6dfb684af005e3050234a
twig-extensions 1dfff8e793f50f651c4f74f796c2c68a4aee3147
monolog b704c49a3051536f67f2d39f13568f74615b9922
doctrine-common fc26d10d97dc773923a8d561e9301c3c73b9cc70
doctrine-dbal 7a9567944b66a3fa18a022f4925649882cdf95ce
doctrine 19a4d05035aa1df4e56e95564ccedd6fe13a792e
doctrine-data-fixtures bed8908ae929562317e5c59dc0bee24f3b63067e
doctrine-migrations 9e81984b0f126b0830d9ac6acc2d1da81aba2b94
DoctrineBundle 93be072b43f64f88dc946705610dc8d3b9eed833
DoctrineFixturesBundle e7b2c06801f9d6711531b504bb81ab4328ed697c
DoctrineMigrationsBundle 9690dfba714fa82f3979fb5fa18750a37ab16e1c
assetic f829ad23d23c87480151a21faad49fefe7c09e5d
JMSI18nBundle ad91318b3439e1a9e1a28735a63e07957754060b
SensioDistributionBundle f00c99854ff161b006a200d8dffa0013981d5373
SensioGeneratorBundle fe924497677ea41d0d09f0c011e55142bda12cd7
AsseticBundle 41b5913b5086a0909af92adcb4a6005ee0051b16
KnpMarkdownBundle e545f0ee71910996d87670806693086ee65081b9
KnpTimeBundle 9f0e457939405e4bfeed30efd0dcf407518b433d
KnpMenu 138b735bab508eb3d7266ff64041bb715595b662
KnpMenuBundle 3a90f963eb4414d1dea412b72e924e0087c75766
KnpPaginatorBundle 565608bed027c7a75576cec978a54a7f8c7ad788
goutte dd59ba9ac4e7b7476987c07befe3e90cff0bd714
php-git-repo 4a066703de97b1649b4cf92b27a7c3e3d8987cac
php-github-api 18b8c192907d5f1cf867363c31ef745721e5ccc0
OrnicarGravatarBundle e5aedca3bd066081e16912ca8be96ba4ca570d0a
knp-components a7a9eec8a1e2559bd74855c5437cbed784282d19
zf a22175748ddf76ffb8ae4b2ea8d89ea0022ef02a
EtcpasswdOAuthBundle d2ef2f8f9c66e4b5cf21a8bed58f44c982a0442b
Buzz 424187ec75eccf015296349be43980a95630ac9a
TwitterAppBundle 9d0437f5114d83d41fbd2d06897223dffd075190
twitteroauth 67b0a5a57783a4ef70bb79eee4e650c70b4ba970
gherkin 8a1a28eb9071d3c30065eae4e38b105e775b202a
behat 5a01a4190d2c2f2f1a9f0df3e080ddecdc80b6fc
BehatBundle 55ede38ec9694d67c7bc51e910f7009978421a56
mink 0371368e112e780e2d4054662eac73b80ad802b0
MinkBundle 788e4a170ab037bf810a26d2b25bfdb7b496df66
CommonContexts 344ceabbd6d98e6e1a5869f751b12ee92cf28ae1
KnpDisqusBundle 4940c413677e90cc04a6391e36eb0a68f5251e7b
KnpZendCacheBundle 5a124bfe26938538442c34d10ab181372e9625a9
RabbitMqBundle 1a62c373e5a5bbff0f54a3e56815a9fce3ab00a5
php-amqplib ed388da83b0b125e55081f26392c44ade7bd1108